
Microsoft Visual Studio Solution File, Format Version 12.00
# Visual Studio 15
VisualStudioVersion = 15.0.26206.0
MinimumVisualStudioVersion = 10.0.40219.1
Project("{FAE04EC0-301F-11D3-BF4B-00C04F79EFBC}") = "wola.ha.common", "wola.ha.common\wola.ha.common.csproj", "{048E15D6-7241-4F51-92EF-058C6DF18BB3}"
EndProject
Project("{2150E333-8FDC-42A3-9474-1A3956D46DE8}") = "Common", "Common", "{8A28D9F9-25CF-4FC7-A16A-14F9E2458640}"
EndProject
Project("{2150E333-8FDC-42A3-9474-1A3956D46DE8}") = "DataBase", "DataBase", "{C08E8E98-5DAD-4495-9A3F-423AD742DDCE}"
EndProject
Project("{2150E333-8FDC-42A3-9474-1A3956D46DE8}") = "Controller", "Controller", "{0CD692D4-6F75-4F97-835D-544A5FDD2FA1}"
EndProject
Project("{2150E333-8FDC-42A3-9474-1A3956D46DE8}") = "Arduino", "Arduino", "{202355E4-9B63-4CEB-A3D2-435C440C79DB}"
EndProject
Project("{8BC9CEB8-8B4A-11D0-8D11-00A0C91BC942}") = "wola.ha.arduino.mainboard", "..\wola.ha.arduino\wola.ha.arduino.mainboard\wola.ha.arduino.mainboard.vcxproj", "{81F2DB74-DE83-4F0A-8321-A62711FB56D5}"
EndProject
Project("{FAE04EC0-301F-11D3-BF4B-00C04F79EFBC}") = "wola.ha.db", "..\wola.ha.db\wola.ha.db.csproj", "{5D9FB206-D53D-4C66-8B38-9C99723957F7}"
EndProject
Project("{FAE04EC0-301F-11D3-BF4B-00C04F79EFBC}") = "SensorsTempReadController", "..\wola.ha.controllers\SensorsTempReadController\SensorsTempReadController.csproj", "{5FD66FF8-3842-4F5F-9625-781140533B22}"
EndProject
Project("{8BC9CEB8-8B4A-11D0-8D11-00A0C91BC942}") = "wola.ha.arduino.roomControl.slaveDevices", "..\wola.ha.arduino\wola.ha.arduino.roomControl.slaveDevices\wola.ha.arduino.roomControl.slaveDevices.vcxproj", "{C5F80730-F44F-4478-BDAE-6634EFC2CA88}"
EndProject
Project("{8BC9CEB8-8B4A-11D0-8D11-00A0C91BC942}") = "wola.ha.arduino.roomControl.server", "..\wola.ha.arduino\wola.ha.arduino.roomControl.server\wola.ha.arduino.roomControl.server.vcxproj", "{EED6C52C-2F78-49E8-B1DB-E1C23EBF9A4F}"
EndProject
Project("{2150E333-8FDC-42A3-9474-1A3956D46DE8}") = "View", "View", "{F6F02C30-97B2-4A1A-BDCF-BBB2F135DCD7}"
EndProject
Project("{2150E333-8FDC-42A3-9474-1A3956D46DE8}") = "BackgroundTask", "BackgroundTask", "{D7BB47F4-8A85-4E47-84CC-9B0E8119D87C}"
EndProject
Project("{FAE04EC0-301F-11D3-BF4B-00C04F79EFBC}") = "wola.ha.view.web", "..\wola.ha.view\wola.ha.view.web\wola.ha.view.web.csproj", "{320130D1-7543-4E37-9A36-21A4A9D85E52}"
EndProject
Project("{FAE04EC0-301F-11D3-BF4B-00C04F79EFBC}") = "RestUpServerController", "..\wola.ha.controllers\RestUpServerController\RestUpServerController.csproj", "{E5B34F5D-952F-4A5D-9B3B-3B208BA96DB7}"
EndProject
Project("{8BC9CEB8-8B4A-11D0-8D11-00A0C91BC942}") = "wola.ha.arduuino.core", "..\wola.ha.arduino\wola.ha.arduuino.core\wola.ha.arduuino.core.vcxproj", "{A21E4B27-14D6-407C-8D9F-386C8650EB75}"
EndProject
Project("{2150E333-8FDC-42A3-9474-1A3956D46DE8}") = "Testy", "Testy", "{4E9C416A-CF29-4AAD-9BC7-AD6DF2DBC768}"
EndProject
Project("{FAE04EC0-301F-11D3-BF4B-00C04F79EFBC}") = "UwpTesty", "..\Testy\UwpTesty\UwpTesty.csproj", "{631F4A2D-FB3E-43B8-AADA-D4DC6A67D4E3}"
EndProject
Global
	GlobalSection(SolutionConfigurationPlatforms) = preSolution
		Debug|Any CPU = Debug|Any CPU
		Debug|ARM = Debug|ARM
		Debug|x64 = Debug|x64
		Debug|x86 = Debug|x86
		Release|Any CPU = Release|Any CPU
		Release|ARM = Release|ARM
		Release|x64 = Release|x64
		Release|x86 = Release|x86
	EndGlobalSection
	GlobalSection(ProjectConfigurationPlatforms) = postSolution
		{048E15D6-7241-4F51-92EF-058C6DF18BB3}.Debug|Any CPU.ActiveCfg = Debug|Any CPU
		{048E15D6-7241-4F51-92EF-058C6DF18BB3}.Debug|Any CPU.Build.0 = Debug|Any CPU
		{048E15D6-7241-4F51-92EF-058C6DF18BB3}.Debug|ARM.ActiveCfg = Debug|ARM
		{048E15D6-7241-4F51-92EF-058C6DF18BB3}.Debug|ARM.Build.0 = Debug|ARM
		{048E15D6-7241-4F51-92EF-058C6DF18BB3}.Debug|x64.ActiveCfg = Debug|x64
		{048E15D6-7241-4F51-92EF-058C6DF18BB3}.Debug|x64.Build.0 = Debug|x64
		{048E15D6-7241-4F51-92EF-058C6DF18BB3}.Debug|x86.ActiveCfg = Debug|x86
		{048E15D6-7241-4F51-92EF-058C6DF18BB3}.Debug|x86.Build.0 = Debug|x86
		{048E15D6-7241-4F51-92EF-058C6DF18BB3}.Release|Any CPU.ActiveCfg = Release|Any CPU
		{048E15D6-7241-4F51-92EF-058C6DF18BB3}.Release|Any CPU.Build.0 = Release|Any CPU
		{048E15D6-7241-4F51-92EF-058C6DF18BB3}.Release|ARM.ActiveCfg = Release|ARM
		{048E15D6-7241-4F51-92EF-058C6DF18BB3}.Release|ARM.Build.0 = Release|ARM
		{048E15D6-7241-4F51-92EF-058C6DF18BB3}.Release|x64.ActiveCfg = Release|x64
		{048E15D6-7241-4F51-92EF-058C6DF18BB3}.Release|x64.Build.0 = Release|x64
		{048E15D6-7241-4F51-92EF-058C6DF18BB3}.Release|x86.ActiveCfg = Release|x86
		{048E15D6-7241-4F51-92EF-058C6DF18BB3}.Release|x86.Build.0 = Release|x86
		{81F2DB74-DE83-4F0A-8321-A62711FB56D5}.Debug|Any CPU.ActiveCfg = Debug|Win32
		{81F2DB74-DE83-4F0A-8321-A62711FB56D5}.Debug|ARM.ActiveCfg = Debug|Win32
		{81F2DB74-DE83-4F0A-8321-A62711FB56D5}.Debug|x64.ActiveCfg = Debug|Win32
		{81F2DB74-DE83-4F0A-8321-A62711FB56D5}.Debug|x86.ActiveCfg = Debug|Win32
		{81F2DB74-DE83-4F0A-8321-A62711FB56D5}.Debug|x86.Build.0 = Debug|Win32
		{81F2DB74-DE83-4F0A-8321-A62711FB56D5}.Release|Any CPU.ActiveCfg = Release|Win32
		{81F2DB74-DE83-4F0A-8321-A62711FB56D5}.Release|ARM.ActiveCfg = Release|Win32
		{81F2DB74-DE83-4F0A-8321-A62711FB56D5}.Release|x64.ActiveCfg = Release|Win32
		{81F2DB74-DE83-4F0A-8321-A62711FB56D5}.Release|x86.ActiveCfg = Release|Win32
		{81F2DB74-DE83-4F0A-8321-A62711FB56D5}.Release|x86.Build.0 = Release|Win32
		{5D9FB206-D53D-4C66-8B38-9C99723957F7}.Debug|Any CPU.ActiveCfg = Debug|Any CPU
		{5D9FB206-D53D-4C66-8B38-9C99723957F7}.Debug|Any CPU.Build.0 = Debug|Any CPU
		{5D9FB206-D53D-4C66-8B38-9C99723957F7}.Debug|ARM.ActiveCfg = Debug|ARM
		{5D9FB206-D53D-4C66-8B38-9C99723957F7}.Debug|ARM.Build.0 = Debug|ARM
		{5D9FB206-D53D-4C66-8B38-9C99723957F7}.Debug|x64.ActiveCfg = Debug|x64
		{5D9FB206-D53D-4C66-8B38-9C99723957F7}.Debug|x64.Build.0 = Debug|x64
		{5D9FB206-D53D-4C66-8B38-9C99723957F7}.Debug|x86.ActiveCfg = Debug|x86
		{5D9FB206-D53D-4C66-8B38-9C99723957F7}.Debug|x86.Build.0 = Debug|x86
		{5D9FB206-D53D-4C66-8B38-9C99723957F7}.Release|Any CPU.ActiveCfg = Release|Any CPU
		{5D9FB206-D53D-4C66-8B38-9C99723957F7}.Release|Any CPU.Build.0 = Release|Any CPU
		{5D9FB206-D53D-4C66-8B38-9C99723957F7}.Release|ARM.ActiveCfg = Release|ARM
		{5D9FB206-D53D-4C66-8B38-9C99723957F7}.Release|ARM.Build.0 = Release|ARM
		{5D9FB206-D53D-4C66-8B38-9C99723957F7}.Release|x64.ActiveCfg = Release|x64
		{5D9FB206-D53D-4C66-8B38-9C99723957F7}.Release|x64.Build.0 = Release|x64
		{5D9FB206-D53D-4C66-8B38-9C99723957F7}.Release|x86.ActiveCfg = Release|x86
		{5D9FB206-D53D-4C66-8B38-9C99723957F7}.Release|x86.Build.0 = Release|x86
		{5FD66FF8-3842-4F5F-9625-781140533B22}.Debug|Any CPU.ActiveCfg = Debug|x86
		{5FD66FF8-3842-4F5F-9625-781140533B22}.Debug|ARM.ActiveCfg = Debug|ARM
		{5FD66FF8-3842-4F5F-9625-781140533B22}.Debug|ARM.Build.0 = Debug|ARM
		{5FD66FF8-3842-4F5F-9625-781140533B22}.Debug|ARM.Deploy.0 = Debug|ARM
		{5FD66FF8-3842-4F5F-9625-781140533B22}.Debug|x64.ActiveCfg = Debug|x64
		{5FD66FF8-3842-4F5F-9625-781140533B22}.Debug|x64.Build.0 = Debug|x64
		{5FD66FF8-3842-4F5F-9625-781140533B22}.Debug|x64.Deploy.0 = Debug|x64
		{5FD66FF8-3842-4F5F-9625-781140533B22}.Debug|x86.ActiveCfg = Debug|x86
		{5FD66FF8-3842-4F5F-9625-781140533B22}.Debug|x86.Build.0 = Debug|x86
		{5FD66FF8-3842-4F5F-9625-781140533B22}.Debug|x86.Deploy.0 = Debug|x86
		{5FD66FF8-3842-4F5F-9625-781140533B22}.Release|Any CPU.ActiveCfg = Release|x86
		{5FD66FF8-3842-4F5F-9625-781140533B22}.Release|ARM.ActiveCfg = Release|ARM
		{5FD66FF8-3842-4F5F-9625-781140533B22}.Release|ARM.Build.0 = Release|ARM
		{5FD66FF8-3842-4F5F-9625-781140533B22}.Release|ARM.Deploy.0 = Release|ARM
		{5FD66FF8-3842-4F5F-9625-781140533B22}.Release|x64.ActiveCfg = Release|x64
		{5FD66FF8-3842-4F5F-9625-781140533B22}.Release|x64.Build.0 = Release|x64
		{5FD66FF8-3842-4F5F-9625-781140533B22}.Release|x64.Deploy.0 = Release|x64
		{5FD66FF8-3842-4F5F-9625-781140533B22}.Release|x86.ActiveCfg = Release|x86
		{5FD66FF8-3842-4F5F-9625-781140533B22}.Release|x86.Build.0 = Release|x86
		{5FD66FF8-3842-4F5F-9625-781140533B22}.Release|x86.Deploy.0 = Release|x86
		{C5F80730-F44F-4478-BDAE-6634EFC2CA88}.Debug|Any CPU.ActiveCfg = Debug|Win32
		{C5F80730-F44F-4478-BDAE-6634EFC2CA88}.Debug|ARM.ActiveCfg = Debug|Win32
		{C5F80730-F44F-4478-BDAE-6634EFC2CA88}.Debug|x64.ActiveCfg = Debug|Win32
		{C5F80730-F44F-4478-BDAE-6634EFC2CA88}.Debug|x86.ActiveCfg = Debug|Win32
		{C5F80730-F44F-4478-BDAE-6634EFC2CA88}.Debug|x86.Build.0 = Debug|Win32
		{C5F80730-F44F-4478-BDAE-6634EFC2CA88}.Release|Any CPU.ActiveCfg = Release|Win32
		{C5F80730-F44F-4478-BDAE-6634EFC2CA88}.Release|ARM.ActiveCfg = Release|Win32
		{C5F80730-F44F-4478-BDAE-6634EFC2CA88}.Release|x64.ActiveCfg = Release|Win32
		{C5F80730-F44F-4478-BDAE-6634EFC2CA88}.Release|x86.ActiveCfg = Release|Win32
		{C5F80730-F44F-4478-BDAE-6634EFC2CA88}.Release|x86.Build.0 = Release|Win32
		{EED6C52C-2F78-49E8-B1DB-E1C23EBF9A4F}.Debug|Any CPU.ActiveCfg = Debug|Win32
		{EED6C52C-2F78-49E8-B1DB-E1C23EBF9A4F}.Debug|ARM.ActiveCfg = Debug|Win32
		{EED6C52C-2F78-49E8-B1DB-E1C23EBF9A4F}.Debug|x64.ActiveCfg = Debug|Win32
		{EED6C52C-2F78-49E8-B1DB-E1C23EBF9A4F}.Debug|x86.ActiveCfg = Debug|Win32
		{EED6C52C-2F78-49E8-B1DB-E1C23EBF9A4F}.Debug|x86.Build.0 = Debug|Win32
		{EED6C52C-2F78-49E8-B1DB-E1C23EBF9A4F}.Release|Any CPU.ActiveCfg = Release|Win32
		{EED6C52C-2F78-49E8-B1DB-E1C23EBF9A4F}.Release|ARM.ActiveCfg = Release|Win32
		{EED6C52C-2F78-49E8-B1DB-E1C23EBF9A4F}.Release|x64.ActiveCfg = Release|Win32
		{EED6C52C-2F78-49E8-B1DB-E1C23EBF9A4F}.Release|x86.ActiveCfg = Release|Win32
		{EED6C52C-2F78-49E8-B1DB-E1C23EBF9A4F}.Release|x86.Build.0 = Release|Win32
		{320130D1-7543-4E37-9A36-21A4A9D85E52}.Debug|Any CPU.ActiveCfg = Debug|Any CPU
		{320130D1-7543-4E37-9A36-21A4A9D85E52}.Debug|Any CPU.Build.0 = Debug|Any CPU
		{320130D1-7543-4E37-9A36-21A4A9D85E52}.Debug|ARM.ActiveCfg = Debug|ARM
		{320130D1-7543-4E37-9A36-21A4A9D85E52}.Debug|ARM.Build.0 = Debug|ARM
		{320130D1-7543-4E37-9A36-21A4A9D85E52}.Debug|x64.ActiveCfg = Debug|x64
		{320130D1-7543-4E37-9A36-21A4A9D85E52}.Debug|x64.Build.0 = Debug|x64
		{320130D1-7543-4E37-9A36-21A4A9D85E52}.Debug|x86.ActiveCfg = Debug|x86
		{320130D1-7543-4E37-9A36-21A4A9D85E52}.Debug|x86.Build.0 = Debug|x86
		{320130D1-7543-4E37-9A36-21A4A9D85E52}.Release|Any CPU.ActiveCfg = Release|Any CPU
		{320130D1-7543-4E37-9A36-21A4A9D85E52}.Release|Any CPU.Build.0 = Release|Any CPU
		{320130D1-7543-4E37-9A36-21A4A9D85E52}.Release|ARM.ActiveCfg = Release|ARM
		{320130D1-7543-4E37-9A36-21A4A9D85E52}.Release|ARM.Build.0 = Release|ARM
		{320130D1-7543-4E37-9A36-21A4A9D85E52}.Release|x64.ActiveCfg = Release|x64
		{320130D1-7543-4E37-9A36-21A4A9D85E52}.Release|x64.Build.0 = Release|x64
		{320130D1-7543-4E37-9A36-21A4A9D85E52}.Release|x86.ActiveCfg = Release|x86
		{320130D1-7543-4E37-9A36-21A4A9D85E52}.Release|x86.Build.0 = Release|x86
		{E5B34F5D-952F-4A5D-9B3B-3B208BA96DB7}.Debug|Any CPU.ActiveCfg = Debug|x86
		{E5B34F5D-952F-4A5D-9B3B-3B208BA96DB7}.Debug|ARM.ActiveCfg = Debug|ARM
		{E5B34F5D-952F-4A5D-9B3B-3B208BA96DB7}.Debug|ARM.Build.0 = Debug|ARM
		{E5B34F5D-952F-4A5D-9B3B-3B208BA96DB7}.Debug|ARM.Deploy.0 = Debug|ARM
		{E5B34F5D-952F-4A5D-9B3B-3B208BA96DB7}.Debug|x64.ActiveCfg = Debug|x64
		{E5B34F5D-952F-4A5D-9B3B-3B208BA96DB7}.Debug|x64.Build.0 = Debug|x64
		{E5B34F5D-952F-4A5D-9B3B-3B208BA96DB7}.Debug|x64.Deploy.0 = Debug|x64
		{E5B34F5D-952F-4A5D-9B3B-3B208BA96DB7}.Debug|x86.ActiveCfg = Debug|x86
		{E5B34F5D-952F-4A5D-9B3B-3B208BA96DB7}.Debug|x86.Build.0 = Debug|x86
		{E5B34F5D-952F-4A5D-9B3B-3B208BA96DB7}.Debug|x86.Deploy.0 = Debug|x86
		{E5B34F5D-952F-4A5D-9B3B-3B208BA96DB7}.Release|Any CPU.ActiveCfg = Release|x86
		{E5B34F5D-952F-4A5D-9B3B-3B208BA96DB7}.Release|ARM.ActiveCfg = Release|ARM
		{E5B34F5D-952F-4A5D-9B3B-3B208BA96DB7}.Release|ARM.Build.0 = Release|ARM
		{E5B34F5D-952F-4A5D-9B3B-3B208BA96DB7}.Release|ARM.Deploy.0 = Release|ARM
		{E5B34F5D-952F-4A5D-9B3B-3B208BA96DB7}.Release|x64.ActiveCfg = Release|x64
		{E5B34F5D-952F-4A5D-9B3B-3B208BA96DB7}.Release|x64.Build.0 = Release|x64
		{E5B34F5D-952F-4A5D-9B3B-3B208BA96DB7}.Release|x64.Deploy.0 = Release|x64
		{E5B34F5D-952F-4A5D-9B3B-3B208BA96DB7}.Release|x86.ActiveCfg = Release|x86
		{E5B34F5D-952F-4A5D-9B3B-3B208BA96DB7}.Release|x86.Build.0 = Release|x86
		{E5B34F5D-952F-4A5D-9B3B-3B208BA96DB7}.Release|x86.Deploy.0 = Release|x86
		{A21E4B27-14D6-407C-8D9F-386C8650EB75}.Debug|Any CPU.ActiveCfg = Debug|Win32
		{A21E4B27-14D6-407C-8D9F-386C8650EB75}.Debug|ARM.ActiveCfg = Debug|Win32
		{A21E4B27-14D6-407C-8D9F-386C8650EB75}.Debug|x64.ActiveCfg = Debug|Win32
		{A21E4B27-14D6-407C-8D9F-386C8650EB75}.Debug|x86.ActiveCfg = Debug|Win32
		{A21E4B27-14D6-407C-8D9F-386C8650EB75}.Debug|x86.Build.0 = Debug|Win32
		{A21E4B27-14D6-407C-8D9F-386C8650EB75}.Release|Any CPU.ActiveCfg = Release|Win32
		{A21E4B27-14D6-407C-8D9F-386C8650EB75}.Release|ARM.ActiveCfg = Release|Win32
		{A21E4B27-14D6-407C-8D9F-386C8650EB75}.Release|x64.ActiveCfg = Release|Win32
		{A21E4B27-14D6-407C-8D9F-386C8650EB75}.Release|x86.ActiveCfg = Release|Win32
		{A21E4B27-14D6-407C-8D9F-386C8650EB75}.Release|x86.Build.0 = Release|Win32
		{631F4A2D-FB3E-43B8-AADA-D4DC6A67D4E3}.Debug|Any CPU.ActiveCfg = Debug|x86
		{631F4A2D-FB3E-43B8-AADA-D4DC6A67D4E3}.Debug|ARM.ActiveCfg = Debug|ARM
		{631F4A2D-FB3E-43B8-AADA-D4DC6A67D4E3}.Debug|ARM.Build.0 = Debug|ARM
		{631F4A2D-FB3E-43B8-AADA-D4DC6A67D4E3}.Debug|ARM.Deploy.0 = Debug|ARM
		{631F4A2D-FB3E-43B8-AADA-D4DC6A67D4E3}.Debug|x64.ActiveCfg = Debug|x64
		{631F4A2D-FB3E-43B8-AADA-D4DC6A67D4E3}.Debug|x64.Build.0 = Debug|x64
		{631F4A2D-FB3E-43B8-AADA-D4DC6A67D4E3}.Debug|x64.Deploy.0 = Debug|x64
		{631F4A2D-FB3E-43B8-AADA-D4DC6A67D4E3}.Debug|x86.ActiveCfg = Debug|x86
		{631F4A2D-FB3E-43B8-AADA-D4DC6A67D4E3}.Debug|x86.Build.0 = Debug|x86
		{631F4A2D-FB3E-43B8-AADA-D4DC6A67D4E3}.Debug|x86.Deploy.0 = Debug|x86
		{631F4A2D-FB3E-43B8-AADA-D4DC6A67D4E3}.Release|Any CPU.ActiveCfg = Release|x86
		{631F4A2D-FB3E-43B8-AADA-D4DC6A67D4E3}.Release|ARM.ActiveCfg = Release|ARM
		{631F4A2D-FB3E-43B8-AADA-D4DC6A67D4E3}.Release|ARM.Build.0 = Release|ARM
		{631F4A2D-FB3E-43B8-AADA-D4DC6A67D4E3}.Release|ARM.Deploy.0 = Release|ARM
		{631F4A2D-FB3E-43B8-AADA-D4DC6A67D4E3}.Release|x64.ActiveCfg = Release|x64
		{631F4A2D-FB3E-43B8-AADA-D4DC6A67D4E3}.Release|x64.Build.0 = Release|x64
		{631F4A2D-FB3E-43B8-AADA-D4DC6A67D4E3}.Release|x64.Deploy.0 = Release|x64
		{631F4A2D-FB3E-43B8-AADA-D4DC6A67D4E3}.Release|x86.ActiveCfg = Release|x86
		{631F4A2D-FB3E-43B8-AADA-D4DC6A67D4E3}.Release|x86.Build.0 = Release|x86
		{631F4A2D-FB3E-43B8-AADA-D4DC6A67D4E3}.Release|x86.Deploy.0 = Release|x86
	EndGlobalSection
	GlobalSection(SolutionProperties) = preSolution
		HideSolutionNode = FALSE
	EndGlobalSection
	GlobalSection(NestedProjects) = preSolution
		{048E15D6-7241-4F51-92EF-058C6DF18BB3} = {8A28D9F9-25CF-4FC7-A16A-14F9E2458640}
		{81F2DB74-DE83-4F0A-8321-A62711FB56D5} = {202355E4-9B63-4CEB-A3D2-435C440C79DB}
		{5D9FB206-D53D-4C66-8B38-9C99723957F7} = {C08E8E98-5DAD-4495-9A3F-423AD742DDCE}
		{5FD66FF8-3842-4F5F-9625-781140533B22} = {D7BB47F4-8A85-4E47-84CC-9B0E8119D87C}
		{C5F80730-F44F-4478-BDAE-6634EFC2CA88} = {202355E4-9B63-4CEB-A3D2-435C440C79DB}
		{EED6C52C-2F78-49E8-B1DB-E1C23EBF9A4F} = {202355E4-9B63-4CEB-A3D2-435C440C79DB}
		{D7BB47F4-8A85-4E47-84CC-9B0E8119D87C} = {0CD692D4-6F75-4F97-835D-544A5FDD2FA1}
		{320130D1-7543-4E37-9A36-21A4A9D85E52} = {F6F02C30-97B2-4A1A-BDCF-BBB2F135DCD7}
		{E5B34F5D-952F-4A5D-9B3B-3B208BA96DB7} = {D7BB47F4-8A85-4E47-84CC-9B0E8119D87C}
		{A21E4B27-14D6-407C-8D9F-386C8650EB75} = {202355E4-9B63-4CEB-A3D2-435C440C79DB}
		{631F4A2D-FB3E-43B8-AADA-D4DC6A67D4E3} = {4E9C416A-CF29-4AAD-9BC7-AD6DF2DBC768}
	EndGlobalSection
EndGlobal
