
Microsoft Visual Studio Solution File, Format Version 12.00
# Visual Studio 14
VisualStudioVersion = 14.0.25420.1
MinimumVisualStudioVersion = 10.0.40219.1
Project("{FAE04EC0-301F-11D3-BF4B-00C04F79EFBC}") = "wola.ha.common", "wola.ha.common\wola.ha.common.csproj", "{048E15D6-7241-4F51-92EF-058C6DF18BB3}"
EndProject
Project("{2150E333-8FDC-42A3-9474-1A3956D46DE8}") = "Common", "Common", "{8A28D9F9-25CF-4FC7-A16A-14F9E2458640}"
EndProject
Project("{2150E333-8FDC-42A3-9474-1A3956D46DE8}") = "DataBase", "DataBase", "{C08E8E98-5DAD-4495-9A3F-423AD742DDCE}"
EndProject
Project("{2150E333-8FDC-42A3-9474-1A3956D46DE8}") = "Controller", "Controller", "{0CD692D4-6F75-4F97-835D-544A5FDD2FA1}"
EndProject
Project("{2150E333-8FDC-42A3-9474-1A3956D46DE8}") = "Arduino", "Arduino", "{202355E4-9B63-4CEB-A3D2-435C440C79DB}"
EndProject
Project("{8BC9CEB8-8B4A-11D0-8D11-00A0C91BC942}") = "wola.ha.arduino.mainboard", "..\wola.ha.arduino\wola.ha.arduino.mainboard\wola.ha.arduino.mainboard.vcxproj", "{81F2DB74-DE83-4F0A-8321-A62711FB56D5}"
EndProject
Project("{FAE04EC0-301F-11D3-BF4B-00C04F79EFBC}") = "wola.ha.db", "wola.ha.db\wola.ha.db.csproj", "{5D9FB206-D53D-4C66-8B38-9C99723957F7}"
EndProject
Project("{FAE04EC0-301F-11D3-BF4B-00C04F79EFBC}") = "SensorsTempReadController", "SensorsTempReadController\SensorsTempReadController.csproj", "{5FD66FF8-3842-4F5F-9625-781140533B22}"
EndProject
Project("{8BC9CEB8-8B4A-11D0-8D11-00A0C91BC942}") = "wola.ha.arduino.roomControl.slaveDevices", "..\wola.ha.arduino\wola.ha.arduino.roomControl.slaveDevices\wola.ha.arduino.roomControl.slaveDevices.vcxproj", "{C5F80730-F44F-4478-BDAE-6634EFC2CA88}"
EndProject
Project("{8BC9CEB8-8B4A-11D0-8D11-00A0C91BC942}") = "wola.ha.arduino.roomControl.server", "..\wola.ha.arduino\wola.ha.arduino.roomControl.server\wola.ha.arduino.roomControl.server.vcxproj", "{EED6C52C-2F78-49E8-B1DB-E1C23EBF9A4F}"
EndProject
Global
	GlobalSection(SolutionConfigurationPlatforms) = preSolution
		Debug|Any CPU = Debug|Any CPU
		Debug|ARM = Debug|ARM
		Debug|x64 = Debug|x64
		Debug|x86 = Debug|x86
		Release|Any CPU = Release|Any CPU
		Release|ARM = Release|ARM
		Release|x64 = Release|x64
		Release|x86 = Release|x86
	EndGlobalSection
	GlobalSection(ProjectConfigurationPlatforms) = postSolution
		{048E15D6-7241-4F51-92EF-058C6DF18BB3}.Debug|Any CPU.ActiveCfg = Debug|Any CPU
		{048E15D6-7241-4F51-92EF-058C6DF18BB3}.Debug|Any CPU.Build.0 = Debug|Any CPU
		{048E15D6-7241-4F51-92EF-058C6DF18BB3}.Debug|ARM.ActiveCfg = Debug|ARM
		{048E15D6-7241-4F51-92EF-058C6DF18BB3}.Debug|ARM.Build.0 = Debug|ARM
		{048E15D6-7241-4F51-92EF-058C6DF18BB3}.Debug|x64.ActiveCfg = Debug|x64
		{048E15D6-7241-4F51-92EF-058C6DF18BB3}.Debug|x64.Build.0 = Debug|x64
		{048E15D6-7241-4F51-92EF-058C6DF18BB3}.Debug|x86.ActiveCfg = Debug|x86
		{048E15D6-7241-4F51-92EF-058C6DF18BB3}.Debug|x86.Build.0 = Debug|x86
		{048E15D6-7241-4F51-92EF-058C6DF18BB3}.Release|Any CPU.ActiveCfg = Release|Any CPU
		{048E15D6-7241-4F51-92EF-058C6DF18BB3}.Release|Any CPU.Build.0 = Release|Any CPU
		{048E15D6-7241-4F51-92EF-058C6DF18BB3}.Release|ARM.ActiveCfg = Release|ARM
		{048E15D6-7241-4F51-92EF-058C6DF18BB3}.Release|ARM.Build.0 = Release|ARM
		{048E15D6-7241-4F51-92EF-058C6DF18BB3}.Release|x64.ActiveCfg = Release|x64
		{048E15D6-7241-4F51-92EF-058C6DF18BB3}.Release|x64.Build.0 = Release|x64
		{048E15D6-7241-4F51-92EF-058C6DF18BB3}.Release|x86.ActiveCfg = Release|x86
		{048E15D6-7241-4F51-92EF-058C6DF18BB3}.Release|x86.Build.0 = Release|x86
		{81F2DB74-DE83-4F0A-8321-A62711FB56D5}.Debug|Any CPU.ActiveCfg = Debug|Win32
		{81F2DB74-DE83-4F0A-8321-A62711FB56D5}.Debug|ARM.ActiveCfg = Debug|Win32
		{81F2DB74-DE83-4F0A-8321-A62711FB56D5}.Debug|x64.ActiveCfg = Debug|Win32
		{81F2DB74-DE83-4F0A-8321-A62711FB56D5}.Debug|x86.ActiveCfg = Debug|Win32
		{81F2DB74-DE83-4F0A-8321-A62711FB56D5}.Debug|x86.Build.0 = Debug|Win32
		{81F2DB74-DE83-4F0A-8321-A62711FB56D5}.Release|Any CPU.ActiveCfg = Release|Win32
		{81F2DB74-DE83-4F0A-8321-A62711FB56D5}.Release|ARM.ActiveCfg = Release|Win32
		{81F2DB74-DE83-4F0A-8321-A62711FB56D5}.Release|x64.ActiveCfg = Release|Win32
		{81F2DB74-DE83-4F0A-8321-A62711FB56D5}.Release|x86.ActiveCfg = Release|Win32
		{81F2DB74-DE83-4F0A-8321-A62711FB56D5}.Release|x86.Build.0 = Release|Win32
		{5D9FB206-D53D-4C66-8B38-9C99723957F7}.Debug|Any CPU.ActiveCfg = Debug|Any CPU
		{5D9FB206-D53D-4C66-8B38-9C99723957F7}.Debug|Any CPU.Build.0 = Debug|Any CPU
		{5D9FB206-D53D-4C66-8B38-9C99723957F7}.Debug|ARM.ActiveCfg = Debug|ARM
		{5D9FB206-D53D-4C66-8B38-9C99723957F7}.Debug|ARM.Build.0 = Debug|ARM
		{5D9FB206-D53D-4C66-8B38-9C99723957F7}.Debug|x64.ActiveCfg = Debug|x64
		{5D9FB206-D53D-4C66-8B38-9C99723957F7}.Debug|x64.Build.0 = Debug|x64
		{5D9FB206-D53D-4C66-8B38-9C99723957F7}.Debug|x86.ActiveCfg = Debug|x86
		{5D9FB206-D53D-4C66-8B38-9C99723957F7}.Debug|x86.Build.0 = Debug|x86
		{5D9FB206-D53D-4C66-8B38-9C99723957F7}.Release|Any CPU.ActiveCfg = Release|Any CPU
		{5D9FB206-D53D-4C66-8B38-9C99723957F7}.Release|Any CPU.Build.0 = Release|Any CPU
		{5D9FB206-D53D-4C66-8B38-9C99723957F7}.Release|ARM.ActiveCfg = Release|ARM
		{5D9FB206-D53D-4C66-8B38-9C99723957F7}.Release|ARM.Build.0 = Release|ARM
		{5D9FB206-D53D-4C66-8B38-9C99723957F7}.Release|x64.ActiveCfg = Release|x64
		{5D9FB206-D53D-4C66-8B38-9C99723957F7}.Release|x64.Build.0 = Release|x64
		{5D9FB206-D53D-4C66-8B38-9C99723957F7}.Release|x86.ActiveCfg = Release|x86
		{5D9FB206-D53D-4C66-8B38-9C99723957F7}.Release|x86.Build.0 = Release|x86
		{5FD66FF8-3842-4F5F-9625-781140533B22}.Debug|Any CPU.ActiveCfg = Debug|x86
		{5FD66FF8-3842-4F5F-9625-781140533B22}.Debug|ARM.ActiveCfg = Debug|ARM
		{5FD66FF8-3842-4F5F-9625-781140533B22}.Debug|ARM.Build.0 = Debug|ARM
		{5FD66FF8-3842-4F5F-9625-781140533B22}.Debug|ARM.Deploy.0 = Debug|ARM
		{5FD66FF8-3842-4F5F-9625-781140533B22}.Debug|x64.ActiveCfg = Debug|x64
		{5FD66FF8-3842-4F5F-9625-781140533B22}.Debug|x64.Build.0 = Debug|x64
		{5FD66FF8-3842-4F5F-9625-781140533B22}.Debug|x64.Deploy.0 = Debug|x64
		{5FD66FF8-3842-4F5F-9625-781140533B22}.Debug|x86.ActiveCfg = Debug|x86
		{5FD66FF8-3842-4F5F-9625-781140533B22}.Debug|x86.Build.0 = Debug|x86
		{5FD66FF8-3842-4F5F-9625-781140533B22}.Debug|x86.Deploy.0 = Debug|x86
		{5FD66FF8-3842-4F5F-9625-781140533B22}.Release|Any CPU.ActiveCfg = Release|x86
		{5FD66FF8-3842-4F5F-9625-781140533B22}.Release|ARM.ActiveCfg = Release|ARM
		{5FD66FF8-3842-4F5F-9625-781140533B22}.Release|ARM.Build.0 = Release|ARM
		{5FD66FF8-3842-4F5F-9625-781140533B22}.Release|ARM.Deploy.0 = Release|ARM
		{5FD66FF8-3842-4F5F-9625-781140533B22}.Release|x64.ActiveCfg = Release|x64
		{5FD66FF8-3842-4F5F-9625-781140533B22}.Release|x64.Build.0 = Release|x64
		{5FD66FF8-3842-4F5F-9625-781140533B22}.Release|x64.Deploy.0 = Release|x64
		{5FD66FF8-3842-4F5F-9625-781140533B22}.Release|x86.ActiveCfg = Release|x86
		{5FD66FF8-3842-4F5F-9625-781140533B22}.Release|x86.Build.0 = Release|x86
		{5FD66FF8-3842-4F5F-9625-781140533B22}.Release|x86.Deploy.0 = Release|x86
		{C5F80730-F44F-4478-BDAE-6634EFC2CA88}.Debug|Any CPU.ActiveCfg = Debug|Win32
		{C5F80730-F44F-4478-BDAE-6634EFC2CA88}.Debug|ARM.ActiveCfg = Debug|Win32
		{C5F80730-F44F-4478-BDAE-6634EFC2CA88}.Debug|x64.ActiveCfg = Debug|Win32
		{C5F80730-F44F-4478-BDAE-6634EFC2CA88}.Debug|x86.ActiveCfg = Debug|Win32
		{C5F80730-F44F-4478-BDAE-6634EFC2CA88}.Debug|x86.Build.0 = Debug|Win32
		{C5F80730-F44F-4478-BDAE-6634EFC2CA88}.Release|Any CPU.ActiveCfg = Release|Win32
		{C5F80730-F44F-4478-BDAE-6634EFC2CA88}.Release|ARM.ActiveCfg = Release|Win32
		{C5F80730-F44F-4478-BDAE-6634EFC2CA88}.Release|x64.ActiveCfg = Release|Win32
		{C5F80730-F44F-4478-BDAE-6634EFC2CA88}.Release|x86.ActiveCfg = Release|Win32
		{C5F80730-F44F-4478-BDAE-6634EFC2CA88}.Release|x86.Build.0 = Release|Win32
		{EED6C52C-2F78-49E8-B1DB-E1C23EBF9A4F}.Debug|Any CPU.ActiveCfg = Debug|Win32
		{EED6C52C-2F78-49E8-B1DB-E1C23EBF9A4F}.Debug|ARM.ActiveCfg = Debug|Win32
		{EED6C52C-2F78-49E8-B1DB-E1C23EBF9A4F}.Debug|x64.ActiveCfg = Debug|Win32
		{EED6C52C-2F78-49E8-B1DB-E1C23EBF9A4F}.Debug|x86.ActiveCfg = Debug|Win32
		{EED6C52C-2F78-49E8-B1DB-E1C23EBF9A4F}.Debug|x86.Build.0 = Debug|Win32
		{EED6C52C-2F78-49E8-B1DB-E1C23EBF9A4F}.Release|Any CPU.ActiveCfg = Release|Win32
		{EED6C52C-2F78-49E8-B1DB-E1C23EBF9A4F}.Release|ARM.ActiveCfg = Release|Win32
		{EED6C52C-2F78-49E8-B1DB-E1C23EBF9A4F}.Release|x64.ActiveCfg = Release|Win32
		{EED6C52C-2F78-49E8-B1DB-E1C23EBF9A4F}.Release|x86.ActiveCfg = Release|Win32
		{EED6C52C-2F78-49E8-B1DB-E1C23EBF9A4F}.Release|x86.Build.0 = Release|Win32
	EndGlobalSection
	GlobalSection(SolutionProperties) = preSolution
		HideSolutionNode = FALSE
	EndGlobalSection
	GlobalSection(NestedProjects) = preSolution
		{048E15D6-7241-4F51-92EF-058C6DF18BB3} = {8A28D9F9-25CF-4FC7-A16A-14F9E2458640}
		{81F2DB74-DE83-4F0A-8321-A62711FB56D5} = {202355E4-9B63-4CEB-A3D2-435C440C79DB}
		{5D9FB206-D53D-4C66-8B38-9C99723957F7} = {C08E8E98-5DAD-4495-9A3F-423AD742DDCE}
		{5FD66FF8-3842-4F5F-9625-781140533B22} = {0CD692D4-6F75-4F97-835D-544A5FDD2FA1}
		{C5F80730-F44F-4478-BDAE-6634EFC2CA88} = {202355E4-9B63-4CEB-A3D2-435C440C79DB}
		{EED6C52C-2F78-49E8-B1DB-E1C23EBF9A4F} = {202355E4-9B63-4CEB-A3D2-435C440C79DB}
	EndGlobalSection
EndGlobal
